{
    "_meta": {
        "hash": {
            "sha256": "072a3721815427eb15c5e66ff02c07b09065001540f2dc634d5fdd5f0579a472"
        },
        "host-environment-markers": {
            "implementation_name": "cpython",
            "implementation_version": "0",
            "os_name": "posix",
            "platform_machine": "x86_64",
            "platform_python_implementation": "CPython",
            "platform_release": "3.10.0-123.9.3.el7.x86_64",
            "platform_system": "Linux",
            "platform_version": "#1 SMP Thu Nov 6 15:06:03 UTC 2014",
            "python_full_version": "2.7.5",
            "python_version": "2.7",
            "sys_platform": "linux2"
        },
        "pipfile-spec": 6,
        "requires": {
            "python_version": "2.7"
        },
        "sources": [
            {
                "name": "pypi",
                "url": "https://pypi.python.org/simple",
                "verify_ssl": true
            }
        ]
    },
    "default": {
        "altgraph": {
            "hashes": [
                "sha256:b966a3114c7942e2a2b4c2304b2baf1cd2ed7a5a8b2106e64e0709a21d6cfbb4",
                "sha256:481bac8feb1716bb8e485e652ed94002cc11304abccb2911f8f4574fc9dc207b"
            ],
            "version": "==0.14"
        },
        "appdirs": {
            "hashes": [
                "sha256:d8b24664561d0d34ddfaec54636d502d7cea6e29c3eaf68f3df6180863e2166e",
                "sha256:9e5896d1372858f8dd3344faf4e5014d21849c756c8d5701f78f8a103b372d92"
            ],
            "version": "==1.4.3"
        },
        "bsdiff4": {
            "hashes": [
                "sha256:5a022ff4c1d1de87232b1c70bde50afbb98212fd246be4a867d8737173cf1f8f"
            ],
            "version": "==1.1.4"
        },
        "certifi": {
            "hashes": [
                "sha256:54a07c09c586b0e4c619f02a5e94e36619da8e2b053e20f594348c0611803704",
                "sha256:40523d2efb60523e113b44602298f0960e900388cf3bb6043f645cf57ea9e3f5"
            ],
            "version": "==2017.7.27.1"
        },
        "chardet": {
            "hashes": [
                "sha256:fc323ffcaeaed0e0a02bf4d117757b98aed530d9ed4531e3e15460124c106691",
                "sha256:84ab92ed1c4d4f16916e05906b6b75a6c0fb5db821cc65e70cbd64a3e2a5eaae"
            ],
            "version": "==3.0.4"
        },
        "coloredlogs": {
            "hashes": [
                "sha256:537f898c9b22bc1d50c7c159a289020f3418c1b06a4a43bbb74910e46bbf3c18",
                "sha256:894641ed5e8c48e01fa0b1d62b15cd32030c6c16e1dda42f6ce5f966ac558cae"
            ],
            "version": "==7.3"
        },
        "dis3": {
            "hashes": [
                "sha256:d333e2bf803a4b0e240278df2ce749108ad4eb1242d49e8985337a1a8393236f",
                "sha256:ee9f71e1a0c01a3ba742a36be91147948db99da3ee29094dccb48857c54608ef"
            ],
            "version": "==0.1.1"
        },
        "dsdev-utils": {
            "hashes": [
                "sha256:cbe18eb0104b56e19087d60b765d7875b114acce01b1aceca9120f0556ab109d"
            ],
            "version": "==0.9.6"
        },
        "ed25519": {
            "hashes": [
                "sha256:2991b94e1883d1313c956a1e3ced27b8a2fdae23ac40c0d9d0b103d5a70d1d2a"
            ],
            "version": "==1.4"
        },
        "future": {
            "hashes": [
                "sha256:e39ced1ab767b5936646cedba8bcce582398233d6a627067d4c6a454c90cfedb"
            ],
            "version": "==0.16.0"
        },
        "humanfriendly": {
            "hashes": [
                "sha256:43a43575cc5c1506a50fb5a536757aa0c2ae94c0ec10572b368510c878fdc0b9",
                "sha256:f1ebb406d37478228b92543c12c27c9a827782d8d241260b3a06512c7f7c3a5e"
            ],
            "version": "==4.4.1"
        },
        "macholib": {
            "hashes": [
                "sha256:15151e4dde7c2cb9758cf43f8672585a8d5b261d40a07cb9f679489c52397488",
                "sha256:323c9c8b85768244554b3c040808ed6393c783aa6eb1122e04dc8905f442e559"
            ],
            "version": "==1.8"
        },
        "monotonic": {
            "hashes": [
                "sha256:a8c7690953546c6bc8a4f05d347718db50de1225b29f4b9f346c0c6f19bdc286",
                "sha256:2b469e2d7dd403f7f7f79227fe5ad551ee1e76f8bb300ae935209884b93c7c1b"
            ],
            "markers": "python_version == '2.6' or python_version == '2.7' or python_version == '3.0' or python_version == '3.1' or python_version == '3.2'",
            "version": "==1.3"
        },
        "pbr": {
            "hashes": [
                "sha256:60c25b7dfd054ef9bb0ae327af949dd4676aa09ac3a9471cdc871d8a9213f9ac",
                "sha256:05f61c71aaefc02d8e37c0a3eeb9815ff526ea28b3b76324769e6158d7f95be1"
            ],
            "version": "==3.1.1"
        },
        "pefile": {
            "hashes": [
                "sha256:50faee3259cbfc78e72474ee851ed699695cb6cc5abf3fc7f155e0c1ac74c8c9"
            ],
            "version": "==2017.9.3"
        },
        "pyinstaller": {
            "hashes": [
                "sha256:b6c95cdbb45ac78a44723fa2992b58e14637cbefecafc22d3790af262a7fad6f"
            ],
            "version": "==3.3"
        },
        "pyupdater": {
            "hashes": [
                "sha256:3db93825f1b4da39ee24080f118a83809a13418dcb0de308c1ca64efeacf56ad"
            ],
            "version": "==2.5.0"
        },
        "six": {
            "hashes": [
                "sha256:832dc0e10feb1aa2c68dcc57dbb658f1c7e65b9b61af69048abc87a2db00a0eb",
                "sha256:70e8a77beed4562e7f14fe23a786b54f6296e34344c23bc42f07b15018ff98e9"
            ],
            "version": "==1.11.0"
        },
        "stevedore": {
            "hashes": [
                "sha256:3dd075b275a9fa60f4702a24aaff65a4236490b52a52b7b29257346dd6a98267",
                "sha256:236468dae36707069e8b3bdb455e9f1be090b1e6b937f4ac0c56a538d6f50be0"
            ],
            "version": "==1.27.1"
        },
        "urllib3": {
            "hashes": [
                "sha256:06330f386d6e4b195fbfc736b297f58c5a892e4440e54d294d7004e3a9bbea1b",
                "sha256:cc44da8e1145637334317feebd728bd869a35285b93cbb4cca2577da7e62db4f"
            ],
            "version": "==1.22"
        }
    },
    "develop": {}
}
